# This file was autogenerated by Stack.
# You should not edit this file by hand.
# For more information, please see the documentation at:
#   https://docs.haskellstack.org/en/stable/lock_files

packages:
- completed:
    hackage: endo-0.3.0.1@sha256:7299a456be44c72431f9193f56bb9fb21e3f76746bd7affa433f2f0bede89eb7,5289
    pantry-tree:
      size: 1344
      sha256: bb5caf99cf9887b9a9aeb8ebb13e11254f2d32025e1e6d5260a74037a56b514e
  original:
    hackage: endo-0.3.0.1
- completed:
    hackage: fuzzy-0.1.0.0@sha256:123b9581c587ae5422b67bbad7e81186b1ecbf86941a8049f921ddf136f2234e,833
    pantry-tree:
      size: 261
      sha256: 97019c97e95f2a91089acec705243e1fa5b8529ae112658757e0ab3574905f3c
  original:
    hackage: fuzzy-0.1.0.0
- completed:
    hackage: verbosity-0.3.0.0@sha256:937c318d73f527a88610c7c036c888578731adac8a1891e65d955db4dd976b7c,5043
    pantry-tree:
      size: 795
      sha256: add03785cbb76e808de561b68539f2c303790eeb5884a713efa37d3b8a356e5d
  original:
    hackage: verbosity-0.3.0.0
- completed:
    hackage: dhall-1.24.0@sha256:1e0e0be836164cee6725f80f81ac2726b2de0acf6efdf622cf05e90323f0a911,30595
    pantry-tree:
      size: 142551
      sha256: 9f1db02fb9cfa05e446731b5c800565acb877b6670913f1e00d493454a7cbb82
  original:
    hackage: dhall-1.24.0
- completed:
    hackage: dhall-bash-1.0.21@sha256:9192e599466c32c56a793f09b6efd4184c91c51948907c3133a4ae6f2d01fd7a,1740
    pantry-tree:
      size: 266
      sha256: efcf9a9991b6c7fe6c5651eb3641c10f5669150d1175b3837daf57c668290861
  original:
    hackage: dhall-bash-1.0.21
- completed:
    hackage: dhall-json-1.3.0@sha256:90bf9dd0a51c0a640762f092f6f5a6185b4d23c5e68be9808e43079eaafd012d,4728
    pantry-tree:
      size: 878
      sha256: 94406cbffd901f276b99e3b10854d80f347ffcafe2673b824ea26397888ff143
  original:
    hackage: dhall-json-1.3.0
- completed:
    hackage: dhall-text-1.0.18@sha256:1fd1ff67935bd8083e866f53d4b57e61d2f2a41804ce46a4de20f2b697c2e0fe,1025
    pantry-tree:
      size: 256
      sha256: 2bb2591acc32ff6bb14e32c3f53284ede085a30a8393da2df4c8cab48f2d95a6
  original:
    hackage: dhall-text-1.0.18
- completed:
    cabal-file:
      size: 2311
      sha256: ce507ef3bca6a04f21f91f7c57f95a854470af0375198cc1b0739e8457c7da5a
    name: host-and-port
    version: 0.0.1.0
    git: https://github.com/trskop/host-and-port.git
    pantry-tree:
      size: 765
      sha256: d046215703f0fd8e8058ad238f1b509948ed304c61ccc382aa6e6e642ccaa392
    commit: f8cbf6c84e859bd5020685ac677ff04937a866d6
  original:
    git: https://github.com/trskop/host-and-port.git
    commit: f8cbf6c84e859bd5020685ac677ff04937a866d6
- completed:
    cabal-file:
      size: 1744
      sha256: a5eb034128f648a6531e4e2880fe27c856a608dc837c0030d0d31577d73b5719
    name: mainplate
    version: 0.0.1.0
    git: https://github.com/trskop/mainplate.git
    pantry-tree:
      size: 1572
      sha256: 98eda1b5d8801ebd34f2a132b314aa38437f135e928e60a45c1d8349f45dc6bb
    commit: 118acdb919e7bd7aaa07e7554a2d1eabde86acf5
  original:
    git: https://github.com/trskop/mainplate.git
    commit: 118acdb919e7bd7aaa07e7554a2d1eabde86acf5
- completed:
    cabal-file:
      size: 1473
      sha256: 7a69e28a52a5c9d4bf98c95ea2c256b74025afda9b349df932a183f91c45bc4c
    name: open-in-editor
    version: 0.1.0.0
    git: https://github.com/trskop/open-in-editor.git
    pantry-tree:
      size: 767
      sha256: 7568615cd9b5dd342013dbf1791146137742e0f43e49498c603dc18b8568b045
    commit: eec72c9c99fd8bd89866bdd85a23343a4a6fbae8
  original:
    git: https://github.com/trskop/open-in-editor.git
    commit: eec72c9c99fd8bd89866bdd85a23343a4a6fbae8
snapshots:
- completed:
    size: 500539
    url: https://raw.githubusercontent.com/commercialhaskell/stackage-snapshots/master/lts/13/27.yaml
    sha256: 690db832392afe55733b4c7023fd29b1b1c660ee42f1fb505b86b07394ca994e
  original: lts-13.27
