# This file was autogenerated by Stack.
# You should not edit this file by hand.
# For more information, please see the documentation at:
#   https://docs.haskellstack.org/en/stable/lock_files

packages:
- completed:
    hackage: endo-0.3.0.1@sha256:7299a456be44c72431f9193f56bb9fb21e3f76746bd7affa433f2f0bede89eb7,5289
    pantry-tree:
      size: 1344
      sha256: bb5caf99cf9887b9a9aeb8ebb13e11254f2d32025e1e6d5260a74037a56b514e
  original:
    hackage: endo-0.3.0.1
- completed:
    hackage: fuzzy-0.1.0.0@sha256:123b9581c587ae5422b67bbad7e81186b1ecbf86941a8049f921ddf136f2234e,833
    pantry-tree:
      size: 261
      sha256: 97019c97e95f2a91089acec705243e1fa5b8529ae112658757e0ab3574905f3c
  original:
    hackage: fuzzy-0.1.0.0
- completed:
    hackage: lock-file-0.7.0.0@sha256:3ad84b5e454145e1d928063b56abb96db24a99a21b493989520e58fa0ab37b00,4484
    pantry-tree:
      size: 718
      sha256: 3634593ce191e82793ea0e060598ab3cf67f2ef2fe1d65345dc9335ad529d25f
  original:
    hackage: lock-file-0.7.0.0
- completed:
    hackage: verbosity-0.3.0.0@sha256:937c318d73f527a88610c7c036c888578731adac8a1891e65d955db4dd976b7c,5043
    pantry-tree:
      size: 795
      sha256: add03785cbb76e808de561b68539f2c303790eeb5884a713efa37d3b8a356e5d
  original:
    hackage: verbosity-0.3.0.0
- completed:
    hackage: vty-menu-0.0.4@sha256:9a80065901bc448c5559b4c951e3f334d3e29e3efe17851424da216ecd64a6b8,544
    pantry-tree:
      size: 265
      sha256: bf5bc39e341a5202da23b40f01cd5a673aece7433373122ec90b6dfb4bc16fc1
  original:
    hackage: vty-menu-0.0.4
- completed:
    hackage: dhall-1.28.0@sha256:a0b38be83ab76c59adf6d67868b9b183591edc68d2c3727d38598ddc12c36c95,31625
    pantry-tree:
      size: 241424
      sha256: 8c92a349408edf2c72760025740b4950cd0a1d2ce0ba393333332c1bbc469967
  original:
    hackage: dhall-1.28.0
- completed:
    hackage: dhall-bash-1.0.25@sha256:ae87c1652220bfa24be19fdc9a2dcf321ddebbf05a6fda78f9c86a48d3d22011,1784
    pantry-tree:
      size: 266
      sha256: c1c6c0fd557168b73a452ea8e8bf9e8bb6c78a085973520af2d44a051c5ff463
  original:
    hackage: dhall-bash-1.0.25
- completed:
    hackage: dhall-json-1.6.0@sha256:a3c808ac29adb91fbbb4002fa11885b045f4f28933ce5102223a67dda8aa9cfd,4088
    pantry-tree:
      size: 3181
      sha256: 52175ac87a2c446aca84d4413b3f3e50f7cbbf4fea73f67340184d6924dc7d6f
  original:
    hackage: dhall-json-1.6.0
- completed:
    hackage: aeson-yaml-1.0.5.0@sha256:5786f021c1e088d6a5aa259120ec5b1f22bb1757f4427c1a87e0513d00f17f31,1975
    pantry-tree:
      size: 450
      sha256: abc06de688cab0956ed76bfb88e8c845158d2f3debf9812cb002d9f4db5d3695
  original:
    hackage: aeson-yaml-1.0.5.0
- completed:
    cabal-file:
      size: 2334
      sha256: 33b2754a627b9c0971e8188d2751b73f6590e75b1f740893c6909a18707988f6
    name: host-and-port
    version: 0.0.1.0
    git: https://github.com/trskop/host-and-port.git
    pantry-tree:
      size: 765
      sha256: d79f0a0dc3310d171e69646db84dafd91bff548f3e84fd69645380117b96a437
    commit: e934d338b8ba6b5ce6c0e16e1d1a46d2d5099808
  original:
    git: https://github.com/trskop/host-and-port.git
    commit: e934d338b8ba6b5ce6c0e16e1d1a46d2d5099808
- completed:
    cabal-file:
      size: 1744
      sha256: a5eb034128f648a6531e4e2880fe27c856a608dc837c0030d0d31577d73b5719
    name: mainplate
    version: 0.0.1.0
    git: https://github.com/trskop/mainplate.git
    pantry-tree:
      size: 1572
      sha256: 98eda1b5d8801ebd34f2a132b314aa38437f135e928e60a45c1d8349f45dc6bb
    commit: 118acdb919e7bd7aaa07e7554a2d1eabde86acf5
  original:
    git: https://github.com/trskop/mainplate.git
    commit: 118acdb919e7bd7aaa07e7554a2d1eabde86acf5
- completed:
    cabal-file:
      size: 1473
      sha256: 7a69e28a52a5c9d4bf98c95ea2c256b74025afda9b349df932a183f91c45bc4c
    name: open-in-editor
    version: 0.1.0.0
    git: https://github.com/trskop/open-in-editor.git
    pantry-tree:
      size: 767
      sha256: 7568615cd9b5dd342013dbf1791146137742e0f43e49498c603dc18b8568b045
    commit: eec72c9c99fd8bd89866bdd85a23343a4a6fbae8
  original:
    git: https://github.com/trskop/open-in-editor.git
    commit: eec72c9c99fd8bd89866bdd85a23343a4a6fbae8
snapshots:
- completed:
    size: 524804
    url: https://raw.githubusercontent.com/commercialhaskell/stackage-snapshots/master/lts/14/16.yaml
    sha256: 4d1519a4372d051d47a5eae2241cf3fb54e113d7475f89707ddb6ec06add2888
  original: lts-14.16
