# This file was autogenerated by Stack.
# You should not edit this file by hand.
# For more information, please see the documentation at:
#   https://docs.haskellstack.org/en/stable/lock_files

packages:
- completed:
    hackage: endo-0.3.0.1@sha256:7299a456be44c72431f9193f56bb9fb21e3f76746bd7affa433f2f0bede89eb7,5289
    pantry-tree:
      size: 1344
      sha256: bb5caf99cf9887b9a9aeb8ebb13e11254f2d32025e1e6d5260a74037a56b514e
  original:
    hackage: endo-0.3.0.1
- completed:
    hackage: fuzzy-0.1.0.0@sha256:123b9581c587ae5422b67bbad7e81186b1ecbf86941a8049f921ddf136f2234e,833
    pantry-tree:
      size: 261
      sha256: 97019c97e95f2a91089acec705243e1fa5b8529ae112658757e0ab3574905f3c
  original:
    hackage: fuzzy-0.1.0.0
- completed:
    hackage: lock-file-0.7.0.0@sha256:3ad84b5e454145e1d928063b56abb96db24a99a21b493989520e58fa0ab37b00,4484
    pantry-tree:
      size: 718
      sha256: 3634593ce191e82793ea0e060598ab3cf67f2ef2fe1d65345dc9335ad529d25f
  original:
    hackage: lock-file-0.7.0.0
- completed:
    hackage: verbosity-0.4.0.0@sha256:b396e2cb6880cf0b23794579f1903bace1c07db48d536ce3df0c80bc4569233d,4958
    pantry-tree:
      size: 795
      sha256: 3710165ea4015c78626a3c6629fafb93b7c2263edc5875bf307bf23a429488d5
  original:
    hackage: verbosity-0.4.0.0
- completed:
    hackage: prettyprinter-1.6.1@sha256:11876ec94a79048e1d2942a99bfaa6f2be5222eafeedac6a9545673a79465009,5459
    pantry-tree:
      size: 2194
      sha256: b8ddc48e267da0bc8da3082929b478df80c3c986865394f93e7bc7631c0031cf
  original:
    hackage: prettyprinter-1.6.1
- completed:
    hackage: dhall-1.32.0@sha256:fbc63ca82b1b3992b2a0a80f88296279d41816d8c7fe72c6f8526f28b75c786b,33352
    pantry-tree:
      size: 284132
      sha256: 2beb33a51a5330026022af2021ed2f74a075a8bb48997b7ed4ed4c402fa72a34
  original:
    hackage: dhall-1.32.0
- completed:
    hackage: dhall-bash-1.0.30@sha256:e234788d287711592c1b97d16fdebfc435aa9ee779dbfae43869ba56e2cc8453,1848
    pantry-tree:
      size: 266
      sha256: df8e91d57121cfd8fc4f269ccc5eb7096409cd9c7826a7797fa162992ed08757
  original:
    hackage: dhall-bash-1.0.30
- completed:
    hackage: dhall-json-1.6.4@sha256:0096d910f0f15c7ad73ceecc04861491d51e7596914d9fb503dc31c1b91cd5b2,4469
    pantry-tree:
      size: 4122
      sha256: d0510e7238f0077a2c685db466cd475ac8b88d5acb27ed0db1d6fe6783a68393
  original:
    hackage: dhall-json-1.6.4
- completed:
    hackage: aeson-yaml-1.0.6.0@sha256:bdf6d67265d9a3e251122fa53d2f0f19e0b9865d928e5d6efb77d4754ca3f6cb,1975
    pantry-tree:
      size: 451
      sha256: 959322f98d04221b5680efafb75a9009fd3c5a2d737d46330be9c466091619f7
  original:
    hackage: aeson-yaml-1.0.6.0
- completed:
    cabal-file:
      size: 2396
      sha256: b6ae849b61ecb266c73a4313034afb253efb55e93449ac5d288a794d040cdbe7
    name: host-and-port
    version: 0.0.1.0
    git: https://github.com/trskop/host-and-port.git
    pantry-tree:
      size: 815
      sha256: f338f7c749df41bd203ea29954d740bd75e682362686a6b97a1f0ce3f79efc29
    commit: 67a38bd04c7385542706da7d80822b1a35e76322
  original:
    git: https://github.com/trskop/host-and-port.git
    commit: 67a38bd04c7385542706da7d80822b1a35e76322
- completed:
    cabal-file:
      size: 2046
      sha256: 242daa559f7971649439ed47c47b7d947cdbd1df6912e8ae142604984749a291
    name: mainplate
    version: 0.0.1.0
    git: https://github.com/trskop/mainplate.git
    pantry-tree:
      size: 2031
      sha256: 003139778b8640ee5af478006a63786a293e0b9a5b2814b1d91bb9a9941a0905
    commit: b6ac83b01434031522893bb4906ef4971c3d6e3f
  original:
    git: https://github.com/trskop/mainplate.git
    commit: b6ac83b01434031522893bb4906ef4971c3d6e3f
- completed:
    cabal-file:
      size: 1473
      sha256: 7a69e28a52a5c9d4bf98c95ea2c256b74025afda9b349df932a183f91c45bc4c
    name: open-in-editor
    version: 0.1.0.0
    git: https://github.com/trskop/open-in-editor.git
    pantry-tree:
      size: 817
      sha256: 9aed723b3590b92e89b644e394d682bc0b83215163bc5b56b047f05d27a0e95f
    commit: 003e0c7c32628ee27332becfab92b62cad194163
  original:
    git: https://github.com/trskop/open-in-editor.git
    commit: 003e0c7c32628ee27332becfab92b62cad194163
snapshots:
- completed:
    size: 494635
    url: https://raw.githubusercontent.com/commercialhaskell/stackage-snapshots/master/lts/15/12.yaml
    sha256: a71c4293d8f461f455ff0d9815dfe4ab2f1adacd7e0bbc9a218f46ced8c4929a
  original: lts-15.12
